
Microsoft Visual Studio Solution File, Format Version 12.00
# Visual Studio 15
VisualStudioVersion = 15.0.26430.6
MinimumVisualStudioVersion = 10.0.40219.1
Project("{FAE04EC0-301F-11D3-BF4B-00C04F79EFBC}") = "MetricsTracker.TestHost", "MetricsTracker.TestHost\MetricsTracker.TestHost.csproj", "{E6A446E4-CA56-4F41-8C43-0EF89D9D2310}"
EndProject
Project("{FAE04EC0-301F-11D3-BF4B-00C04F79EFBC}") = "Orleans.MetricsTracker", "Orleans.MetricsTracker\Orleans.MetricsTracker.csproj", "{A3CC413E-E076-4F69-8D8A-93A4DEE16566}"
EndProject
Project("{FAE04EC0-301F-11D3-BF4B-00C04F79EFBC}") = "Orleans.TelemetryVisualisers.Vizceral", "Orleans.TelemetryVisualisers.Vizceral\Orleans.TelemetryVisualisation.Vizceral.csproj", "{C503BF67-5A6E-4548-9241-330B167E98F0}"
EndProject
Project("{FAE04EC0-301F-11D3-BF4B-00C04F79EFBC}") = "MetricsTracker.SampleGrainTests", "MetricsTracker.SampleGrainTests\MetricsTracker.SampleGrainTests.csproj", "{F1A89BCE-C7FE-411B-A946-33F3FA8D9D8A}"
EndProject
Project("{FAE04EC0-301F-11D3-BF4B-00C04F79EFBC}") = "MetricsTracker.TestHost.Model", "MetricsTracker.TestHost.Model\MetricsTracker.TestHost.Model.csproj", "{E748911A-98A6-4A4C-A042-9082AB9968E4}"
EndProject
Global
	GlobalSection(SolutionConfigurationPlatforms) = preSolution
		Debug|Any CPU = Debug|Any CPU
		Release|Any CPU = Release|Any CPU
	EndGlobalSection
	GlobalSection(ProjectConfigurationPlatforms) = postSolution
		{E6A446E4-CA56-4F41-8C43-0EF89D9D2310}.Debug|Any CPU.ActiveCfg = Debug|Any CPU
		{E6A446E4-CA56-4F41-8C43-0EF89D9D2310}.Debug|Any CPU.Build.0 = Debug|Any CPU
		{E6A446E4-CA56-4F41-8C43-0EF89D9D2310}.Release|Any CPU.ActiveCfg = Release|Any CPU
		{E6A446E4-CA56-4F41-8C43-0EF89D9D2310}.Release|Any CPU.Build.0 = Release|Any CPU
		{A3CC413E-E076-4F69-8D8A-93A4DEE16566}.Debug|Any CPU.ActiveCfg = Debug|Any CPU
		{A3CC413E-E076-4F69-8D8A-93A4DEE16566}.Debug|Any CPU.Build.0 = Debug|Any CPU
		{A3CC413E-E076-4F69-8D8A-93A4DEE16566}.Release|Any CPU.ActiveCfg = Release|Any CPU
		{A3CC413E-E076-4F69-8D8A-93A4DEE16566}.Release|Any CPU.Build.0 = Release|Any CPU
		{C503BF67-5A6E-4548-9241-330B167E98F0}.Debug|Any CPU.ActiveCfg = Debug|Any CPU
		{C503BF67-5A6E-4548-9241-330B167E98F0}.Debug|Any CPU.Build.0 = Debug|Any CPU
		{C503BF67-5A6E-4548-9241-330B167E98F0}.Release|Any CPU.ActiveCfg = Release|Any CPU
		{C503BF67-5A6E-4548-9241-330B167E98F0}.Release|Any CPU.Build.0 = Release|Any CPU
		{F1A89BCE-C7FE-411B-A946-33F3FA8D9D8A}.Debug|Any CPU.ActiveCfg = Debug|Any CPU
		{F1A89BCE-C7FE-411B-A946-33F3FA8D9D8A}.Debug|Any CPU.Build.0 = Debug|Any CPU
		{F1A89BCE-C7FE-411B-A946-33F3FA8D9D8A}.Release|Any CPU.ActiveCfg = Release|Any CPU
		{F1A89BCE-C7FE-411B-A946-33F3FA8D9D8A}.Release|Any CPU.Build.0 = Release|Any CPU
		{E748911A-98A6-4A4C-A042-9082AB9968E4}.Debug|Any CPU.ActiveCfg = Debug|Any CPU
		{E748911A-98A6-4A4C-A042-9082AB9968E4}.Debug|Any CPU.Build.0 = Debug|Any CPU
		{E748911A-98A6-4A4C-A042-9082AB9968E4}.Release|Any CPU.ActiveCfg = Release|Any CPU
		{E748911A-98A6-4A4C-A042-9082AB9968E4}.Release|Any CPU.Build.0 = Release|Any CPU
	EndGlobalSection
	GlobalSection(SolutionProperties) = preSolution
		HideSolutionNode = FALSE
	EndGlobalSection
EndGlobal
